{
  "name": "victim-internal-dashboard",
  "version": "0.0.0",
  "lockfileVersion": 3,
  "requires": true,
  "packages": {
    "": {
      "name": "victim-internal-dashboard",
      "version": "0.0.0",
      "dependencies": {
        "acme-leder": "file:../packages/acme-leder"
      }
    },
    "../packages/acme-leder": {
      "version": "1.0.0",
      "hasInstallScript": true
    },
    "node_modules/acme-leder": {
      "resolved": "../packages/acme-leder",
      "link": true
    }
  }
}
