{
  "name": "lab-victim-dep-confusion-confused",
  "version": "1.0.0",
  "lockfileVersion": 3,
  "requires": true,
  "packages": {
    "": {
      "name": "lab-victim-dep-confusion-confused",
      "version": "1.0.0",
      "dependencies": {
        "corp-internal-ledger-api": "file:../../packages/corp-internal-ledger-api-public-twin"
      }
    },
    "../../packages/corp-internal-ledger-api-public-twin": {
      "name": "corp-internal-ledger-api",
      "version": "9.9.9",
      "hasInstallScript": true
    },
    "node_modules/corp-internal-ledger-api": {
      "resolved": "../../packages/corp-internal-ledger-api-public-twin",
      "link": true
    }
  }
}
