{
  "name": "lab-victim-typo-only",
  "version": "1.0.0",
  "lockfileVersion": 3,
  "requires": true,
  "packages": {
    "": {
      "name": "lab-victim-typo-only",
      "version": "1.0.0",
      "dependencies": {
        "training-leder": "file:../packages/training-leder"
      }
    },
    "../packages/training-leder": {
      "version": "1.0.0",
      "hasInstallScript": true
    },
    "node_modules/training-leder": {
      "resolved": "../packages/training-leder",
      "link": true
    }
  }
}
